github.com/tencentcloud/tencentcloud-sdk-go/tencentcloud/aiart v1.3.83 h1:Hbhbifm9SmfLhfby5te1abvxhqGwVrqIivlqBpyqigo=
github.com/tencentcloud/tencentcloud-sdk-go/tencentcloud/aiart v1.3.83/go.mod h1:/bRv212XAWcyEtKVQbb4TFwZt8iAzPwdkMHgK2+oCzs=
github.com/tencentcloud/tencentcloud-sdk-go/tencentcloud/asr v1.3.139 h1:pfGBAKyfBDgVinNfn897rpu0unGGxo7EArBnH9mctSE=
github.com/tencentcloud/tencentcloud-sdk-go/tencentcloud/asr v1.3.139/go.mod h1:jLGVildsa7mGRURPJ0SoNEEwMUbN5mxgq7ITgeKdmGs=
github.com/tencentcloud/tencentcloud-sdk-go/tencentcloud/billing v1.3.159 h1:FGz+4slI2czZZfJR/cDmG4cwhljqSNu0hgQIG+c1aZ0=
github.com/tencentcloud/tencentcloud-sdk-go/tencentcloud/billing v1.3.159/go.mod h1:kaQSdaWInRQqiF2b0fbFB8ioam/i93mhtn0RUWTvANo=
github.com/tencentcloud/tencentcloud-sdk-go/tencentcloud/cam v1.3.157 h1:JriGd3VMiqDlJcZYj2neON+5ReSJxfLmMdxAzKYSnuc=
github.com/tencentcloud/tencentcloud-sdk-go/tencentcloud/cam v1.3.157/go.mod h1:pKtW1TdPyIEIP8GOmWknQt9+lTKbqcV/72I7HUaD1NE=
github.com/tencentcloud/tencentcloud-sdk-go/tencentcloud/cdb v1.3.162 h1:qUCha+BPrM+kKzcLqdV174+SuXdrQtYIc6bJDPhCRAk=
github.com/tencentcloud/tencentcloud-sdk-go/tencentcloud/cdb v1.3.162/go.mod h1:lfEGPylLceQR71HYqE9P/a3VnZYaMgcFWY7DmpAaTIU=
github.com/tencentcloud/tencentcloud-sdk-go/tencentcloud/cdn v1.3.154 h1:qX+Tef6RMafGREib35X9zXww3K24wJ4r4gbU/0ezW88=
github.com/tencentcloud/tencentcloud-sdk-go/tencentcloud/cdn v1.3.154/go.mod h1:S1I++vtGyoZ75s66XaWkTEH8K2BfQLG+0MWqOnOLSMM=
github.com/tencentcloud/tencentcloud-sdk-go/tencentcloud/common v1.3.57/go.mod h1:r5r4xbfxSaeR04b166HGsBa/R4U3SueirEUpXGuw+Q0=
github.com/tencentcloud/tencentcloud-sdk-go/tencentcloud/common v1.3.83/go.mod h1:r5r4xbfxSaeR04b166HGsBa/R4U3SueirEUpXGuw+Q0=
github.com/tencentcloud/tencentcloud-sdk-go/tencentcloud/common v1.3.131/go.mod h1:r5r4xbfxSaeR04b166HGsBa/R4U3SueirEUpXGuw+Q0=
github.com/tencentcloud/tencentcloud-sdk-go/tencentcloud/common v1.3.139/go.mod h1:r5r4xbfxSaeR04b166HGsBa/R4U3SueirEUpXGuw+Q0=
github.com/tencentcloud/tencentcloud-sdk-go/tencentcloud/common v1.3.147/go.mod h1:r5r4xbfxSaeR04b166HGsBa/R4U3SueirEUpXGuw+Q0=
github.com/tencentcloud/tencentcloud-sdk-go/tencentcloud/common v1.3.154/go.mod h1:r5r4xbfxSaeR04b166HGsBa/R4U3SueirEUpXGuw+Q0=
github.com/tencentcloud/tencentcloud-sdk-go/tencentcloud/common v1.3.157/go.mod h1:r5r4xbfxSaeR04b166HGsBa/R4U3SueirEUpXGuw+Q0=
github.com/tencentcloud/tencentcloud-sdk-go/tencentcloud/common v1.3.159/go.mod h1:r5r4xbfxSaeR04b166HGsBa/R4U3SueirEUpXGuw+Q0=
github.com/tencentcloud/tencentcloud-sdk-go/tencentcloud/common v1.3.162/go.mod h1:r5r4xbfxSaeR04b166HGsBa/R4U3SueirEUpXGuw+Q0=
github.com/tencentcloud/tencentcloud-sdk-go/tencentcloud/common v1.3.163 h1:XP2MDmi7H89DBL6cLH60GxSuEKgDH8O3JHk2DUZRnmI=
github.com/tencentcloud/tencentcloud-sdk-go/tencentcloud/common v1.3.163/go.mod h1:r5r4xbfxSaeR04b166HGsBa/R4U3SueirEUpXGuw+Q0=
github.com/tencentcloud/tencentcloud-sdk-go/tencentcloud/cvm v1.3.162 h1:s7omkIzgK9c2H62ogOaL6+f7nTOPUeFTkTJfgwUgzys=
github.com/tencentcloud/tencentcloud-sdk-go/tencentcloud/cvm v1.3.162/go.mod h1:JKMj9u5frULkIN0KMcQIR8MHP8Er+TqRQ+UNtyR5SQA=
github.com/tencentcloud/tencentcloud-sdk-go/tencentcloud/dnspod v1.3.131 h1:YfzhVkH30GipMEOGIx6nkaJv2E/mWN+G6Vvg+M7SqGg=
github.com/tencentcloud/tencentcloud-sdk-go/tencentcloud/dnspod v1.3.131/go.mod h1:Eejvn572HmciFhWFMg6a+eZvkegnEzJrPSnJYKYZX2s=
github.com/tencentcloud/tencentcloud-sdk-go/tencentcloud/hunyuan v1.3.57 h1:8MHFkK9cNg91/M/Bib/cJFtdbSkPglwvFDsyffOr/94=
github.com/tencentcloud/tencentcloud-sdk-go/tencentcloud/hunyuan v1.3.57/go.mod h1:czSGdIDC/tBHPzK4zCzfxQvt8NES9vXbaKmOj/OgL5s=
github.com/tencentcloud/tencentcloud-sdk-go/tencentcloud/ssl v1.3.147 h1:7wFGHghpGVkPotX6PCpwt7Xn4BerFib++kAoafMSyR0=
github.com/tencentcloud/tencentcloud-sdk-go/tencentcloud/ssl v1.3.147/go.mod h1:XMVT8POd1Rlwegh9N8EPPZP3+93Zo4tML9Asn5SL/lI=
github.com/tencentcloud/tencentcloud-sdk-go/tencentcloud/vpc v1.3.157 h1:kEp5/qa/Hk1h6m4ilTRWcpdmZ1zdQCqt0C4eeE/DNgI=
github.com/tencentcloud/tencentcloud-sdk-go/tencentcloud/vpc v1.3.157/go.mod h1:kWaC9eOACWZSoaSjWcucvnQ98NQMOnoZe3WK1OL0hVE=
